// !$*UTF8*$!
{
	archiveVersion = 1;
	classes = {
	};
	objectVersion = 48;
	objects = {

/* Begin PBXBuildFile section */
		2B3DD05D1F9DE1C600043241 /* AppDelegate.m in Sources */ = {isa = PBXBuildFile; fileRef = 2B3DD05C1F9DE1C600043241 /* AppDelegate.m */; };
		2B3DD0601F9DE1C600043241 /* ViewController.m in Sources */ = {isa = PBXBuildFile; fileRef = 2B3DD05F1F9DE1C600043241 /* ViewController.m */; };
		2B3DD0631F9DE1C600043241 /* Main.storyboard in Resources */ = {isa = PBXBuildFile; fileRef = 2B3DD0611F9DE1C600043241 /* Main.storyboard */; };
		2B3DD0651F9DE1C600043241 /* Assets.xcassets in Resources */ = {isa = PBXBuildFile; fileRef = 2B3DD0641F9DE1C600043241 /* Assets.xcassets */; };
		2B3DD0681F9DE1C600043241 /* LaunchScreen.storyboard in Resources */ = {isa = PBXBuildFile; fileRef = 2B3DD0661F9DE1C600043241 /* LaunchScreen.storyboard */; };
		2B3DD06B1F9DE1C600043241 /* main.m in Sources */ = {isa = PBXBuildFile; fileRef = 2B3DD06A1F9DE1C600043241 /* main.m */; };
		2B3DD0751F9DE1C600043241 /* StarTimeTests.m in Sources */ = {isa = PBXBuildFile; fileRef = 2B3DD0741F9DE1C600043241 /* StarTimeTests.m */; };
		2B3DD0801F9DE1C600043241 /* StarTimeUITests.m in Sources */ = {isa = PBXBuildFile; fileRef = 2B3DD07F1F9DE1C600043241 /* StarTimeUITests.m */; };
/* End PBXBuildFile section */

/* Begin PBXContainerItemProxy section */
		2B3DD0711F9DE1C600043241 /* PBXContainerItemProxy */ = {
			isa = PBXContainerItemProxy;
			containerPortal = 2B3DD0501F9DE1C600043241 /* Project object */;
			proxyType = 1;
			remoteGlobalIDString = 2B3DD0571F9DE1C600043241;
			remoteInfo = StarTime;
		};
		2B3DD07C1F9DE1C600043241 /* PBXContainerItemProxy */ = {
			isa = PBXContainerItemProxy;
			containerPortal = 2B3DD0501F9DE1C600043241 /* Project object */;
			proxyType = 1;
			remoteGlobalIDString = 2B3DD0571F9DE1C600043241;
			remoteInfo = StarTime;
		};
/* End PBXContainerItemProxy section */

/* Begin PBXFileReference section */
		2B3DD0581F9DE1C600043241 /* StarTime.app */ = {isa = PBXFileReference; explicitFileType = wrapper.application; includeInIndex = 0; path = StarTime.app; sourceTree = BUILT_PRODUCTS_DIR; };
		2B3DD05B1F9DE1C600043241 /* AppDelegate.h */ = {isa = PBXFileReference; lastKnownFileType = sourcecode.c.h; path = AppDelegate.h; sourceTree = "<group>"; };
		2B3DD05C1F9DE1C600043241 /* AppDelegate.m */ = {isa = PBXFileReference; lastKnownFileType = sourcecode.c.objc; path = AppDelegate.m; sourceTree = "<group>"; };
		2B3DD05E1F9DE1C600043241 /* ViewController.h */ = {isa = PBXFileReference; lastKnownFileType = sourcecode.c.h; path = ViewController.h; sourceTree = "<group>"; };
		2B3DD05F1F9DE1C600043241 /* ViewController.m */ = {isa = PBXFileReference; lastKnownFileType = sourcecode.c.objc; path = ViewController.m; sourceTree = "<group>"; };
		2B3DD0621F9DE1C600043241 /* Base */ = {isa = PBXFileReference; lastKnownFileType = file.storyboard; name = Base; path = Base.lproj/Main.storyboard; sourceTree = "<group>"; };
		2B3DD0641F9DE1C600043241 /* Assets.xcassets */ = {isa = PBXFileReference; lastKnownFileType = folder.assetcatalog; path = Assets.xcassets; sourceTree = "<group>"; };
		2B3DD0671F9DE1C600043241 /* Base */ = {isa = PBXFileReference; lastKnownFileType = file.storyboard; name = Base; path = Base.lproj/LaunchScreen.storyboard; sourceTree = "<group>"; };
		2B3DD0691F9DE1C600043241 /* Info.plist */ = {isa = PBXFileReference; lastKnownFileType = text.plist.xml; path = Info.plist; sourceTree = "<group>"; };
		2B3DD06A1F9DE1C600043241 /* main.m */ = {isa = PBXFileReference; lastKnownFileType = sourcecode.c.objc; path = main.m; sourceTree = "<group>"; };
		2B3DD0701F9DE1C600043241 /* StarTimeTests.xctest */ = {isa = PBXFileReference; explicitFileType = wrapper.cfbundle; includeInIndex = 0; path = StarTimeTests.xctest; sourceTree = BUILT_PRODUCTS_DIR; };
		2B3DD0741F9DE1C600043241 /* StarTimeTests.m */ = {isa = PBXFileReference; lastKnownFileType = sourcecode.c.objc; path = StarTimeTests.m; sourceTree = "<group>"; };
		2B3DD0761F9DE1C600043241 /* Info.plist */ = {isa = PBXFileReference; lastKnownFileType = text.plist.xml; path = Info.plist; sourceTree = "<group>"; };
		2B3DD07B1F9DE1C600043241 /* StarTimeUITests.xctest */ = {isa = PBXFileReference; explicitFileType = wrapper.cfbundle; includeInIndex = 0; path = StarTimeUITests.xctest; sourceTree = BUILT_PRODUCTS_DIR; };
		2B3DD07F1F9DE1C600043241 /* StarTimeUITests.m */ = {isa = PBXFileReference; lastKnownFileType = sourcecode.c.objc; path = StarTimeUITests.m; sourceTree = "<group>"; };
		2B3DD0811F9DE1C600043241 /* Info.plist */ = {isa = PBXFileReference; lastKnownFileType = text.plist.xml; path = Info.plist; sourceTree = "<group>"; };
/* End PBXFileReference section */

/* Begin PBXFrameworksBuildPhase section */
		2B3DD0551F9DE1C600043241 /* Frameworks */ = {
			isa = PBXFrameworksBuildPhase;
			buildActionMask = 2147483647;
			files = (
			);
			runOnlyForDeploymentPostprocessing = 0;
		};
		2B3DD06D1F9DE1C600043241 /* Frameworks */ = {
			isa = PBXFrameworksBuildPhase;
			buildActionMask = 2147483647;
			files = (
			);
			runOnlyForDeploymentPostprocessing = 0;
		};
		2B3DD0781F9DE1C600043241 /* Frameworks */ = {
			isa = PBXFrameworksBuildPhase;
			buildActionMask = 2147483647;
			files = (
			);
			runOnlyForDeploymentPostprocessing = 0;
		};
/* End PBXFrameworksBuildPhase section */

/* Begin PBXGroup section */
		2B3DD04F1F9DE1C600043241 = {
			isa = PBXGroup;
			children = (
				2B3DD05A1F9DE1C600043241 /* StarTime */,
				2B3DD0731F9DE1C600043241 /* StarTimeTests */,
				2B3DD07E1F9DE1C600043241 /* StarTimeUITests */,
				2B3DD0591F9DE1C600043241 /* Products */,
			);
			sourceTree = "<group>";
		};
		2B3DD0591F9DE1C600043241 /* Products */ = {
			isa = PBXGroup;
			children = (
				2B3DD0581F9DE1C600043241 /* StarTime.app */,
				2B3DD0701F9DE1C600043241 /* StarTimeTests.xctest */,
				2B3DD07B1F9DE1C600043241 /* StarTimeUITests.xctest */,
			);
			name = Products;
			sourceTree = "<group>";
		};
		2B3DD05A1F9DE1C600043241 /* StarTime */ = {
			isa = PBXGroup;
			children = (
				2B3DD05B1F9DE1C600043241 /* AppDelegate.h */,
				2B3DD05C1F9DE1C600043241 /* AppDelegate.m */,
				2B3DD05E1F9DE1C600043241 /* ViewController.h */,
				2B3DD05F1F9DE1C600043241 /* ViewController.m */,
				2B3DD0611F9DE1C600043241 /* Main.storyboard */,
				2B3DD0641F9DE1C600043241 /* Assets.xcassets */,
				2B3DD0661F9DE1C600043241 /* LaunchScreen.storyboard */,
				2B3DD0691F9DE1C600043241 /* Info.plist */,
				2B3DD06A1F9DE1C600043241 /* main.m */,
			);
			path = StarTime;
			sourceTree = "<group>";
		};
		2B3DD0731F9DE1C600043241 /* StarTimeTests */ = {
			isa = PBXGroup;
			children = (
				2B3DD0741F9DE1C600043241 /* StarTimeTests.m */,
				2B3DD0761F9DE1C600043241 /* Info.plist */,
			);
			path = StarTimeTests;
			sourceTree = "<group>";
		};
		2B3DD07E1F9DE1C600043241 /* StarTimeUITests */ = {
			isa = PBXGroup;
			children = (
				2B3DD07F1F9DE1C600043241 /* StarTimeUITests.m */,
				2B3DD0811F9DE1C600043241 /* Info.plist */,
			);
			path = StarTimeUITests;
			sourceTree = "<group>";
		};
/* End PBXGroup section */

/* Begin PBXNativeTarget section */
		2B3DD0571F9DE1C600043241 /* StarTime */ = {
			isa = PBXNativeTarget;
			buildConfigurationList = 2B3DD0841F9DE1C600043241 /* Build configuration list for PBXNativeTarget "StarTime" */;
			buildPhases = (
				2B3DD0541F9DE1C600043241 /* Sources */,
				2B3DD0551F9DE1C600043241 /* Frameworks */,
				2B3DD0561F9DE1C600043241 /* Resources */,
			);
			buildRules = (
			);
			dependencies = (
			);
			name = StarTime;
			productName = StarTime;
			productReference = 2B3DD0581F9DE1C600043241 /* StarTime.app */;
			productType = "com.apple.product-type.application";
		};
		2B3DD06F1F9DE1C600043241 /* StarTimeTests */ = {
			isa = PBXNativeTarget;
			buildConfigurationList = 2B3DD0871F9DE1C600043241 /* Build configuration list for PBXNativeTarget "StarTimeTests" */;
			buildPhases = (
				2B3DD06C1F9DE1C600043241 /* Sources */,
				2B3DD06D1F9DE1C600043241 /* Frameworks */,
				2B3DD06E1F9DE1C600043241 /* Resources */,
			);
			buildRules = (
			);
			dependencies = (
				2B3DD0721F9DE1C600043241 /* PBXTargetDependency */,
			);
			name = StarTimeTests;
			productName = StarTimeTests;
			productReference = 2B3DD0701F9DE1C600043241 /* StarTimeTests.xctest */;
			productType = "com.apple.product-type.bundle.unit-test";
		};
		2B3DD07A1F9DE1C600043241 /* StarTimeUITests */ = {
			isa = PBXNativeTarget;
			buildConfigurationList = 2B3DD08A1F9DE1C600043241 /* Build configuration list for PBXNativeTarget "StarTimeUITests" */;
			buildPhases = (
				2B3DD0771F9DE1C600043241 /* Sources */,
				2B3DD0781F9DE1C600043241 /* Frameworks */,
				2B3DD0791F9DE1C600043241 /* Resources */,
			);
			buildRules = (
			);
			dependencies = (
				2B3DD07D1F9DE1C600043241 /* PBXTargetDependency */,
			);
			name = StarTimeUITests;
			productName = StarTimeUITests;
			productReference = 2B3DD07B1F9DE1C600043241 /* StarTimeUITests.xctest */;
			productType = "com.apple.product-type.bundle.ui-testing";
		};
/* End PBXNativeTarget section */

/* Begin PBXProject section */
		2B3DD0501F9DE1C600043241 /* Project object */ = {
			isa = PBXProject;
			attributes = {
				LastUpgradeCheck = 0900;
				ORGANIZATIONNAME = "李晁宇";
				TargetAttributes = {
					2B3DD0571F9DE1C600043241 = {
						CreatedOnToolsVersion = 9.0;
						ProvisioningStyle = Automatic;
					};
					2B3DD06F1F9DE1C600043241 = {
						CreatedOnToolsVersion = 9.0;
						ProvisioningStyle = Automatic;
						TestTargetID = 2B3DD0571F9DE1C600043241;
					};
					2B3DD07A1F9DE1C600043241 = {
						CreatedOnToolsVersion = 9.0;
						ProvisioningStyle = Automatic;
						TestTargetID = 2B3DD0571F9DE1C600043241;
					};
				};
			};
			buildConfigurationList = 2B3DD0531F9DE1C600043241 /* Build configuration list for PBXProject "StarTime" */;
			compatibilityVersion = "Xcode 8.0";
			developmentRegion = en;
			hasScannedForEncodings = 0;
			knownRegions = (
				en,
				Base,
			);
			mainGroup = 2B3DD04F1F9DE1C600043241;
			productRefGroup = 2B3DD0591F9DE1C600043241 /* Products */;
			projectDirPath = "";
			projectRoot = "";
			targets = (
				2B3DD0571F9DE1C600043241 /* StarTime */,
				2B3DD06F1F9DE1C600043241 /* StarTimeTests */,
				2B3DD07A1F9DE1C600043241 /* StarTimeUITests */,
			);
		};
/* End PBXProject section */

/* Begin PBXResourcesBuildPhase section */
		2B3DD0561F9DE1C600043241 /* Resources */ = {
			isa = PBXResourcesBuildPhase;
			buildActionMask = 2147483647;
			files = (
				2B3DD0681F9DE1C600043241 /* LaunchScreen.storyboard in Resources */,
				2B3DD0651F9DE1C600043241 /* Assets.xcassets in Resources */,
				2B3DD0631F9DE1C600043241 /* Main.storyboard in Resources */,
			);
			runOnlyForDeploymentPostprocessing = 0;
		};
		2B3DD06E1F9DE1C600043241 /* Resources */ = {
			isa = PBXResourcesBuildPhase;
			buildActionMask = 2147483647;
			files = (
			);
			runOnlyForDeploymentPostprocessing = 0;
		};
		2B3DD0791F9DE1C600043241 /* Resources */ = {
			isa = PBXResourcesBuildPhase;
			buildActionMask = 2147483647;
			files = (
			);
			runOnlyForDeploymentPostprocessing = 0;
		};
/* End PBXResourcesBuildPhase section */

/* Begin PBXSourcesBuildPhase section */
		2B3DD0541F9DE1C600043241 /* Sources */ = {
			isa = PBXSourcesBuildPhase;
			buildActionMask = 2147483647;
			files = (
				2B3DD0601F9DE1C600043241 /* ViewController.m in Sources */,
				2B3DD06B1F9DE1C600043241 /* main.m in Sources */,
				2B3DD05D1F9DE1C600043241 /* AppDelegate.m in Sources */,
			);
			runOnlyForDeploymentPostprocessing = 0;
		};
		2B3DD06C1F9DE1C600043241 /* Sources */ = {
			isa = PBXSourcesBuildPhase;
			buildActionMask = 2147483647;
			files = (
				2B3DD0751F9DE1C600043241 /* StarTimeTests.m in Sources */,
			);
			runOnlyForDeploymentPostprocessing = 0;
		};
		2B3DD0771F9DE1C600043241 /* Sources */ = {
			isa = PBXSourcesBuildPhase;
			buildActionMask = 2147483647;
			files = (
				2B3DD0801F9DE1C600043241 /* StarTimeUITests.m in Sources */,
			);
			runOnlyForDeploymentPostprocessing = 0;
		};
/* End PBXSourcesBuildPhase section */

/* Begin PBXTargetDependency section */
		2B3DD0721F9DE1C600043241 /* PBXTargetDependency */ = {
			isa = PBXTargetDependency;
			target = 2B3DD0571F9DE1C600043241 /* StarTime */;
			targetProxy = 2B3DD0711F9DE1C600043241 /* PBXContainerItemProxy */;
		};
		2B3DD07D1F9DE1C600043241 /* PBXTargetDependency */ = {
			isa = PBXTargetDependency;
			target = 2B3DD0571F9DE1C600043241 /* StarTime */;
			targetProxy = 2B3DD07C1F9DE1C600043241 /* PBXContainerItemProxy */;
		};
/* End PBXTargetDependency section */

/* Begin PBXVariantGroup section */
		2B3DD0611F9DE1C600043241 /* Main.storyboard */ = {
			isa = PBXVariantGroup;
			children = (
				2B3DD0621F9DE1C600043241 /* Base */,
			);
			name = Main.storyboard;
			sourceTree = "<group>";
		};
		2B3DD0661F9DE1C600043241 /* LaunchScreen.storyboard */ = {
			isa = PBXVariantGroup;
			children = (
				2B3DD0671F9DE1C600043241 /* Base */,
			);
			name = LaunchScreen.storyboard;
			sourceTree = "<group>";
		};
/* End PBXVariantGroup section */

/* Begin XCBuildConfiguration section */
		2B3DD0821F9DE1C600043241 /* Debug */ = {
			isa = XCBuildConfiguration;
			buildSettings = {
				ALWAYS_SEARCH_USER_PATHS = NO;
				CLANG_ANALYZER_NONNULL = YES;
				CLANG_ANALYZER_NUMBER_OBJECT_CONVERSION = YES_AGGRESSIVE;
				CLANG_CXX_LANGUAGE_STANDARD = "gnu++14";
				CLANG_CXX_LIBRARY = "libc++";
				CLANG_ENABLE_MODULES = YES;
				CLANG_ENABLE_OBJC_ARC = YES;
				CLANG_WARN_BLOCK_CAPTURE_AUTORELEASING = YES;
				CLANG_WARN_BOOL_CONVERSION = YES;
				CLANG_WARN_COMMA = YES;
				CLANG_WARN_CONSTANT_CONVERSION = YES;
				CLANG_WARN_DIRECT_OBJC_ISA_USAGE = YES_ERROR;
				CLANG_WARN_DOCUMENTATION_COMMENTS = YES;
				CLANG_WARN_EMPTY_BODY = YES;
				CLANG_WARN_ENUM_CONVERSION = YES;
				CLANG_WARN_INFINITE_RECURSION = YES;
				CLANG_WARN_INT_CONVERSION = YES;
				CLANG_WARN_NON_LITERAL_NULL_CONVERSION = YES;
				CLANG_WARN_OBJC_LITERAL_CONVERSION = YES;
				CLANG_WARN_OBJC_ROOT_CLASS = YES_ERROR;
				CLANG_WARN_RANGE_LOOP_ANALYSIS = YES;
				CLANG_WARN_STRICT_PROTOTYPES = YES;
				CLANG_WARN_SUSPICIOUS_MOVE = YES;
				CLANG_WARN_UNGUARDED_AVAILABILITY = YES_AGGRESSIVE;
				CLANG_WARN_UNREACHABLE_CODE = YES;
				CLANG_WARN__DUPLICATE_METHOD_MATCH = YES;
				CODE_SIGN_IDENTITY = "iPhone Developer";
				COPY_PHASE_STRIP = NO;
				DEBUG_INFORMATION_FORMAT = dwarf;
				ENABLE_STRICT_OBJC_MSGSEND = YES;
				ENABLE_TESTABILITY = YES;
				GCC_C_LANGUAGE_STANDARD = gnu11;
				GCC_DYNAMIC_NO_PIC = NO;
				GCC_NO_COMMON_BLOCKS = YES;
				GCC_OPTIMIZATION_LEVEL = 0;
				GCC_PREPROCESSOR_DEFINITIONS = (
					"DEBUG=1",
					"$(inherited)",
				);
				GCC_WARN_64_TO_32_BIT_CONVERSION = YES;
				GCC_WARN_ABOUT_RETURN_TYPE = YES_ERROR;
				GCC_WARN_UNDECLARED_SELECTOR = YES;
				GCC_WARN_UNINITIALIZED_AUTOS = YES_AGGRESSIVE;
				GCC_WARN_UNUSED_FUNCTION = YES;
				GCC_WARN_UNUSED_VARIABLE = YES;
				IPHONEOS_DEPLOYMENT_TARGET = 11.0;
				MTL_ENABLE_DEBUG_INFO = YES;
				ONLY_ACTIVE_ARCH = YES;
				SDKROOT = iphoneos;
			};
			name = Debug;
		};
		2B3DD0831F9DE1C600043241 /* Release */ = {
			isa = XCBuildConfiguration;
			buildSettings = {
				ALWAYS_SEARCH_USER_PATHS = NO;
				CLANG_ANALYZER_NONNULL = YES;
				CLANG_ANALYZER_NUMBER_OBJECT_CONVERSION = YES_AGGRESSIVE;
				CLANG_CXX_LANGUAGE_STANDARD = "gnu++14";
				CLANG_CXX_LIBRARY = "libc++";
				CLANG_ENABLE_MODULES = YES;
				CLANG_ENABLE_OBJC_ARC = YES;
				CLANG_WARN_BLOCK_CAPTURE_AUTORELEASING = YES;
				CLANG_WARN_BOOL_CONVERSION = YES;
				CLANG_WARN_COMMA = YES;
				CLANG_WARN_CONSTANT_CONVERSION = YES;
				CLANG_WARN_DIRECT_OBJC_ISA_USAGE = YES_ERROR;
				CLANG_WARN_DOCUMENTATION_COMMENTS = YES;
				CLANG_WARN_EMPTY_BODY = YES;
				CLANG_WARN_ENUM_CONVERSION = YES;
				CLANG_WARN_INFINITE_RECURSION = YES;
				CLANG_WARN_INT_CONVERSION = YES;
				CLANG_WARN_NON_LITERAL_NULL_CONVERSION = YES;
				CLANG_WARN_OBJC_LITERAL_CONVERSION = YES;
				CLANG_WARN_OBJC_ROOT_CLASS = YES_ERROR;
				CLANG_WARN_RANGE_LOOP_ANALYSIS = YES;
				CLANG_WARN_STRICT_PROTOTYPES = YES;
				CLANG_WARN_SUSPICIOUS_MOVE = YES;
				CLANG_WARN_UNGUARDED_AVAILABILITY = YES_AGGRESSIVE;
				CLANG_WARN_UNREACHABLE_CODE = YES;
				CLANG_WARN__DUPLICATE_METHOD_MATCH = YES;
				CODE_SIGN_IDENTITY = "iPhone Developer";
				COPY_PHASE_STRIP = NO;
				DEBUG_INFORMATION_FORMAT = "dwarf-with-dsym";
				ENABLE_NS_ASSERTIONS = NO;
				ENABLE_STRICT_OBJC_MSGSEND = YES;
				GCC_C_LANGUAGE_STANDARD = gnu11;
				GCC_NO_COMMON_BLOCKS = YES;
				GCC_WARN_64_TO_32_BIT_CONVERSION = YES;
				GCC_WARN_ABOUT_RETURN_TYPE = YES_ERROR;
				GCC_WARN_UNDECLARED_SELECTOR = YES;
				GCC_WARN_UNINITIALIZED_AUTOS = YES_AGGRESSIVE;
				GCC_WARN_UNUSED_FUNCTION = YES;
				GCC_WARN_UNUSED_VARIABLE = YES;
				IPHONEOS_DEPLOYMENT_TARGET = 11.0;
				MTL_ENABLE_DEBUG_INFO = NO;
				SDKROOT = iphoneos;
				VALIDATE_PRODUCT = YES;
			};
			name = Release;
		};
		2B3DD0851F9DE1C600043241 /* Debug */ = {
			isa = XCBuildConfiguration;
			buildSettings = {
				ASSETCATALOG_COMPILER_APPICON_NAME = AppIcon;
				CODE_SIGN_STYLE = Automatic;
				DEVELOPMENT_TEAM = 328FS8VH8T;
				INFOPLIST_FILE = StarTime/Info.plist;
				LD_RUNPATH_SEARCH_PATHS = "$(inherited) @executable_path/Frameworks";
				PRODUCT_BUNDLE_IDENTIFIER = com.lichaoyu.StarTime;
				PRODUCT_NAME = "$(TARGET_NAME)";
				TARGETED_DEVICE_FAMILY = "1,2";
			};
			name = Debug;
		};
		2B3DD0861F9DE1C600043241 /* Release */ = {
			isa = XCBuildConfiguration;
			buildSettings = {
				ASSETCATALOG_COMPILER_APPICON_NAME = AppIcon;
				CODE_SIGN_STYLE = Automatic;
				DEVELOPMENT_TEAM = 328FS8VH8T;
				INFOPLIST_FILE = StarTime/Info.plist;
				LD_RUNPATH_SEARCH_PATHS = "$(inherited) @executable_path/Frameworks";
				PRODUCT_BUNDLE_IDENTIFIER = com.lichaoyu.StarTime;
				PRODUCT_NAME = "$(TARGET_NAME)";
				TARGETED_DEVICE_FAMILY = "1,2";
			};
			name = Release;
		};
		2B3DD0881F9DE1C600043241 /* Debug */ = {
			isa = XCBuildConfiguration;
			buildSettings = {
				BUNDLE_LOADER = "$(TEST_HOST)";
				CODE_SIGN_STYLE = Automatic;
				DEVELOPMENT_TEAM = 328FS8VH8T;
				INFOPLIST_FILE = StarTimeTests/Info.plist;
				LD_RUNPATH_SEARCH_PATHS = "$(inherited) @executable_path/Frameworks @loader_path/Frameworks";
				PRODUCT_BUNDLE_IDENTIFIER = com.lichaoyu.StarTimeTests;
				PRODUCT_NAME = "$(TARGET_NAME)";
				TARGETED_DEVICE_FAMILY = "1,2";
				TEST_HOST = "$(BUILT_PRODUCTS_DIR)/StarTime.app/StarTime";
			};
			name = Debug;
		};
		2B3DD0891F9DE1C600043241 /* Release */ = {
			isa = XCBuildConfiguration;
			buildSettings = {
				BUNDLE_LOADER = "$(TEST_HOST)";
				CODE_SIGN_STYLE = Automatic;
				DEVELOPMENT_TEAM = 328FS8VH8T;
				INFOPLIST_FILE = StarTimeTests/Info.plist;
				LD_RUNPATH_SEARCH_PATHS = "$(inherited) @executable_path/Frameworks @loader_path/Frameworks";
				PRODUCT_BUNDLE_IDENTIFIER = com.lichaoyu.StarTimeTests;
				PRODUCT_NAME = "$(TARGET_NAME)";
				TARGETED_DEVICE_FAMILY = "1,2";
				TEST_HOST = "$(BUILT_PRODUCTS_DIR)/StarTime.app/StarTime";
			};
			name = Release;
		};
		2B3DD08B1F9DE1C600043241 /* Debug */ = {
			isa = XCBuildConfiguration;
			buildSettings = {
				CODE_SIGN_STYLE = Automatic;
				DEVELOPMENT_TEAM = 328FS8VH8T;
				INFOPLIST_FILE = StarTimeUITests/Info.plist;
				LD_RUNPATH_SEARCH_PATHS = "$(inherited) @executable_path/Frameworks @loader_path/Frameworks";
				PRODUCT_BUNDLE_IDENTIFIER = com.lichaoyu.StarTimeUITests;
				PRODUCT_NAME = "$(TARGET_NAME)";
				TARGETED_DEVICE_FAMILY = "1,2";
				TEST_TARGET_NAME = StarTime;
			};
			name = Debug;
		};
		2B3DD08C1F9DE1C600043241 /* Release */ = {
			isa = XCBuildConfiguration;
			buildSettings = {
				CODE_SIGN_STYLE = Automatic;
				DEVELOPMENT_TEAM = 328FS8VH8T;
				INFOPLIST_FILE = StarTimeUITests/Info.plist;
				LD_RUNPATH_SEARCH_PATHS = "$(inherited) @executable_path/Frameworks @loader_path/Frameworks";
				PRODUCT_BUNDLE_IDENTIFIER = com.lichaoyu.StarTimeUITests;
				PRODUCT_NAME = "$(TARGET_NAME)";
				TARGETED_DEVICE_FAMILY = "1,2";
				TEST_TARGET_NAME = StarTime;
			};
			name = Release;
		};
/* End XCBuildConfiguration section */

/* Begin XCConfigurationList section */
		2B3DD0531F9DE1C600043241 /* Build configuration list for PBXProject "StarTime" */ = {
			isa = XCConfigurationList;
			buildConfigurations = (
				2B3DD0821F9DE1C600043241 /* Debug */,
				2B3DD0831F9DE1C600043241 /* Release */,
			);
			defaultConfigurationIsVisible = 0;
			defaultConfigurationName = Release;
		};
		2B3DD0841F9DE1C600043241 /* Build configuration list for PBXNativeTarget "StarTime" */ = {
			isa = XCConfigurationList;
			buildConfigurations = (
				2B3DD0851F9DE1C600043241 /* Debug */,
				2B3DD0861F9DE1C600043241 /* Release */,
			);
			defaultConfigurationIsVisible = 0;
			defaultConfigurationName = Release;
		};
		2B3DD0871F9DE1C600043241 /* Build configuration list for PBXNativeTarget "StarTimeTests" */ = {
			isa = XCConfigurationList;
			buildConfigurations = (
				2B3DD0881F9DE1C600043241 /* Debug */,
				2B3DD0891F9DE1C600043241 /* Release */,
			);
			defaultConfigurationIsVisible = 0;
			defaultConfigurationName = Release;
		};
		2B3DD08A1F9DE1C600043241 /* Build configuration list for PBXNativeTarget "StarTimeUITests" */ = {
			isa = XCConfigurationList;
			buildConfigurations = (
				2B3DD08B1F9DE1C600043241 /* Debug */,
				2B3DD08C1F9DE1C600043241 /* Release */,
			);
			defaultConfigurationIsVisible = 0;
			defaultConfigurationName = Release;
		};
/* End XCConfigurationList section */
	};
	rootObject = 2B3DD0501F9DE1C600043241 /* Project object */;
}
